
Microsoft Visual Studio Solution File, Format Version 12.00
# Visual Studio Version 17
VisualStudioVersion = 17.3.32804.467
MinimumVisualStudioVersion = 10.0.40219.1
Project("{FAE04EC0-301F-11D3-BF4B-00C04F79EFBC}") = "M-MangoesTechnicalTest", "M-MangoesTechnicalTest\M-MangoesTechnicalTest.csproj", "{703FA3A2-C237-4F95-853C-E05CE0A60EFC}"
EndProject
Global
	GlobalSection(SolutionConfigurationPlatforms) = preSolution
		Debug|Any CPU = Debug|Any CPU
		Release|Any CPU = Release|Any CPU
	EndGlobalSection
	GlobalSection(ProjectConfigurationPlatforms) = postSolution
		{703FA3A2-C237-4F95-853C-E05CE0A60EFC}.Debug|Any CPU.ActiveCfg = Debug|Any CPU
		{703FA3A2-C237-4F95-853C-E05CE0A60EFC}.Debug|Any CPU.Build.0 = Debug|Any CPU
		{703FA3A2-C237-4F95-853C-E05CE0A60EFC}.Release|Any CPU.ActiveCfg = Release|Any CPU
		{703FA3A2-C237-4F95-853C-E05CE0A60EFC}.Release|Any CPU.Build.0 = Release|Any CPU
	EndGlobalSection
	GlobalSection(SolutionProperties) = preSolution
		HideSolutionNode = FALSE
	EndGlobalSection
	GlobalSection(ExtensibilityGlobals) = postSolution
		SolutionGuid = {38F37A52-4B30-4DDA-B368-2B81F42EE9F0}
	EndGlobalSection
EndGlobal
